// !$*UTF8*$!
{
	archiveVersion = 1;
	classes = {
	};
	objectVersion = 46;
	objects = {

/* Begin PBXBuildFile section */
		104C74FD1EA5EBDB006307E6 /* AppDelegate.swift in Sources */ = {isa = PBXBuildFile; fileRef = 104C74FC1EA5EBDB006307E6 /* AppDelegate.swift */; };
		104C74FF1EA5EBDB006307E6 /* ViewController.swift in Sources */ = {isa = PBXBuildFile; fileRef = 104C74FE1EA5EBDB006307E6 /* ViewController.swift */; };
		104C75021EA5EBDB006307E6 /* Main.storyboard in Resources */ = {isa = PBXBuildFile; fileRef = 104C75001EA5EBDB006307E6 /* Main.storyboard */; };
		104C75041EA5EBDB006307E6 /* Assets.xcassets in Resources */ = {isa = PBXBuildFile; fileRef = 104C75031EA5EBDB006307E6 /* Assets.xcassets */; };
		104C75071EA5EBDB006307E6 /* LaunchScreen.storyboard in Resources */ = {isa = PBXBuildFile; fileRef = 104C75051EA5EBDB006307E6 /* LaunchScreen.storyboard */; };
		104C75121EA5EBDC006307E6 /* gitHun_testTests.swift in Sources */ = {isa = PBXBuildFile; fileRef = 104C75111EA5EBDC006307E6 /* gitHun_testTests.swift */; };
		104C751D1EA5EBDC006307E6 /* gitHun_testUITests.swift in Sources */ = {isa = PBXBuildFile; fileRef = 104C751C1EA5EBDC006307E6 /* gitHun_testUITests.swift */; };
/* End PBXBuildFile section */

/* Begin PBXContainerItemProxy section */
		104C750E1EA5EBDC006307E6 /* PBXContainerItemProxy */ = {
			isa = PBXContainerItemProxy;
			containerPortal = 104C74F11EA5EBDB006307E6 /* Project object */;
			proxyType = 1;
			remoteGlobalIDString = 104C74F81EA5EBDB006307E6;
			remoteInfo = "gitHun-test";
		};
		104C75191EA5EBDC006307E6 /* PBXContainerItemProxy */ = {
			isa = PBXContainerItemProxy;
			containerPortal = 104C74F11EA5EBDB006307E6 /* Project object */;
			proxyType = 1;
			remoteGlobalIDString = 104C74F81EA5EBDB006307E6;
			remoteInfo = "gitHun-test";
		};
/* End PBXContainerItemProxy section */

/* Begin PBXFileReference section */
		104C74F91EA5EBDB006307E6 /* gitHun-test.app */ = {isa = PBXFileReference; explicitFileType = wrapper.application; includeInIndex = 0; path = "gitHun-test.app"; sourceTree = BUILT_PRODUCTS_DIR; };
		104C74FC1EA5EBDB006307E6 /* AppDelegate.swift */ = {isa = PBXFileReference; lastKnownFileType = sourcecode.swift; path = AppDelegate.swift; sourceTree = "<group>"; };
		104C74FE1EA5EBDB006307E6 /* ViewController.swift */ = {isa = PBXFileReference; lastKnownFileType = sourcecode.swift; path = ViewController.swift; sourceTree = "<group>"; };
		104C75011EA5EBDB006307E6 /* Base */ = {isa = PBXFileReference; lastKnownFileType = file.storyboard; name = Base; path = Base.lproj/Main.storyboard; sourceTree = "<group>"; };
		104C75031EA5EBDB006307E6 /* Assets.xcassets */ = {isa = PBXFileReference; lastKnownFileType = folder.assetcatalog; path = Assets.xcassets; sourceTree = "<group>"; };
		104C75061EA5EBDB006307E6 /* Base */ = {isa = PBXFileReference; lastKnownFileType = file.storyboard; name = Base; path = Base.lproj/LaunchScreen.storyboard; sourceTree = "<group>"; };
		104C75081EA5EBDB006307E6 /* Info.plist */ = {isa = PBXFileReference; lastKnownFileType = text.plist.xml; path = Info.plist; sourceTree = "<group>"; };
		104C750D1EA5EBDC006307E6 /* gitHun-testTests.xctest */ = {isa = PBXFileReference; explicitFileType = wrapper.cfbundle; includeInIndex = 0; path = "gitHun-testTests.xctest"; sourceTree = BUILT_PRODUCTS_DIR; };
		104C75111EA5EBDC006307E6 /* gitHun_testTests.swift */ = {isa = PBXFileReference; lastKnownFileType = sourcecode.swift; path = gitHun_testTests.swift; sourceTree = "<group>"; };
		104C75131EA5EBDC006307E6 /* Info.plist */ = {isa = PBXFileReference; lastKnownFileType = text.plist.xml; path = Info.plist; sourceTree = "<group>"; };
		104C75181EA5EBDC006307E6 /* gitHun-testUITests.xctest */ = {isa = PBXFileReference; explicitFileType = wrapper.cfbundle; includeInIndex = 0; path = "gitHun-testUITests.xctest"; sourceTree = BUILT_PRODUCTS_DIR; };
		104C751C1EA5EBDC006307E6 /* gitHun_testUITests.swift */ = {isa = PBXFileReference; lastKnownFileType = sourcecode.swift; path = gitHun_testUITests.swift; sourceTree = "<group>"; };
		104C751E1EA5EBDC006307E6 /* Info.plist */ = {isa = PBXFileReference; lastKnownFileType = text.plist.xml; path = Info.plist; sourceTree = "<group>"; };
/* End PBXFileReference section */

/* Begin PBXFrameworksBuildPhase section */
		104C74F61EA5EBDB006307E6 /* Frameworks */ = {
			isa = PBXFrameworksBuildPhase;
			buildActionMask = 2147483647;
			files = (
			);
			runOnlyForDeploymentPostprocessing = 0;
		};
		104C750A1EA5EBDC006307E6 /* Frameworks */ = {
			isa = PBXFrameworksBuildPhase;
			buildActionMask = 2147483647;
			files = (
			);
			runOnlyForDeploymentPostprocessing = 0;
		};
		104C75151EA5EBDC006307E6 /* Frameworks */ = {
			isa = PBXFrameworksBuildPhase;
			buildActionMask = 2147483647;
			files = (
			);
			runOnlyForDeploymentPostprocessing = 0;
		};
/* End PBXFrameworksBuildPhase section */

/* Begin PBXGroup section */
		104C74F01EA5EBDB006307E6 = {
			isa = PBXGroup;
			children = (
				104C74FB1EA5EBDB006307E6 /* gitHun-test */,
				104C75101EA5EBDC006307E6 /* gitHun-testTests */,
				104C751B1EA5EBDC006307E6 /* gitHun-testUITests */,
				104C74FA1EA5EBDB006307E6 /* Products */,
			);
			sourceTree = "<group>";
		};
		104C74FA1EA5EBDB006307E6 /* Products */ = {
			isa = PBXGroup;
			children = (
				104C74F91EA5EBDB006307E6 /* gitHun-test.app */,
				104C750D1EA5EBDC006307E6 /* gitHun-testTests.xctest */,
				104C75181EA5EBDC006307E6 /* gitHun-testUITests.xctest */,
			);
			name = Products;
			sourceTree = "<group>";
		};
		104C74FB1EA5EBDB006307E6 /* gitHun-test */ = {
			isa = PBXGroup;
			children = (
				104C74FC1EA5EBDB006307E6 /* AppDelegate.swift */,
				104C74FE1EA5EBDB006307E6 /* ViewController.swift */,
				104C75001EA5EBDB006307E6 /* Main.storyboard */,
				104C75031EA5EBDB006307E6 /* Assets.xcassets */,
				104C75051EA5EBDB006307E6 /* LaunchScreen.storyboard */,
				104C75081EA5EBDB006307E6 /* Info.plist */,
			);
			path = "gitHun-test";
			sourceTree = "<group>";
		};
		104C75101EA5EBDC006307E6 /* gitHun-testTests */ = {
			isa = PBXGroup;
			children = (
				104C75111EA5EBDC006307E6 /* gitHun_testTests.swift */,
				104C75131EA5EBDC006307E6 /* Info.plist */,
			);
			path = "gitHun-testTests";
			sourceTree = "<group>";
		};
		104C751B1EA5EBDC006307E6 /* gitHun-testUITests */ = {
			isa = PBXGroup;
			children = (
				104C751C1EA5EBDC006307E6 /* gitHun_testUITests.swift */,
				104C751E1EA5EBDC006307E6 /* Info.plist */,
			);
			path = "gitHun-testUITests";
			sourceTree = "<group>";
		};
/* End PBXGroup section */

/* Begin PBXNativeTarget section */
		104C74F81EA5EBDB006307E6 /* gitHun-test */ = {
			isa = PBXNativeTarget;
			buildConfigurationList = 104C75211EA5EBDC006307E6 /* Build configuration list for PBXNativeTarget "gitHun-test" */;
			buildPhases = (
				104C74F51EA5EBDB006307E6 /* Sources */,
				104C74F61EA5EBDB006307E6 /* Frameworks */,
				104C74F71EA5EBDB006307E6 /* Resources */,
			);
			buildRules = (
			);
			dependencies = (
			);
			name = "gitHun-test";
			productName = "gitHun-test";
			productReference = 104C74F91EA5EBDB006307E6 /* gitHun-test.app */;
			productType = "com.apple.product-type.application";
		};
		104C750C1EA5EBDC006307E6 /* gitHun-testTests */ = {
			isa = PBXNativeTarget;
			buildConfigurationList = 104C75241EA5EBDC006307E6 /* Build configuration list for PBXNativeTarget "gitHun-testTests" */;
			buildPhases = (
				104C75091EA5EBDC006307E6 /* Sources */,
				104C750A1EA5EBDC006307E6 /* Frameworks */,
				104C750B1EA5EBDC006307E6 /* Resources */,
			);
			buildRules = (
			);
			dependencies = (
				104C750F1EA5EBDC006307E6 /* PBXTargetDependency */,
			);
			name = "gitHun-testTests";
			productName = "gitHun-testTests";
			productReference = 104C750D1EA5EBDC006307E6 /* gitHun-testTests.xctest */;
			productType = "com.apple.product-type.bundle.unit-test";
		};
		104C75171EA5EBDC006307E6 /* gitHun-testUITests */ = {
			isa = PBXNativeTarget;
			buildConfigurationList = 104C75271EA5EBDC006307E6 /* Build configuration list for PBXNativeTarget "gitHun-testUITests" */;
			buildPhases = (
				104C75141EA5EBDC006307E6 /* Sources */,
				104C75151EA5EBDC006307E6 /* Frameworks */,
				104C75161EA5EBDC006307E6 /* Resources */,
			);
			buildRules = (
			);
			dependencies = (
				104C751A1EA5EBDC006307E6 /* PBXTargetDependency */,
			);
			name = "gitHun-testUITests";
			productName = "gitHun-testUITests";
			productReference = 104C75181EA5EBDC006307E6 /* gitHun-testUITests.xctest */;
			productType = "com.apple.product-type.bundle.ui-testing";
		};
/* End PBXNativeTarget section */

/* Begin PBXProject section */
		104C74F11EA5EBDB006307E6 /* Project object */ = {
			isa = PBXProject;
			attributes = {
				LastSwiftUpdateCheck = 0830;
				LastUpgradeCheck = 0830;
				ORGANIZATIONNAME = daiweibao;
				TargetAttributes = {
					104C74F81EA5EBDB006307E6 = {
						CreatedOnToolsVersion = 8.3.1;
						DevelopmentTeam = K3JW7H325Y;
						ProvisioningStyle = Automatic;
					};
					104C750C1EA5EBDC006307E6 = {
						CreatedOnToolsVersion = 8.3.1;
						DevelopmentTeam = K3JW7H325Y;
						ProvisioningStyle = Automatic;
						TestTargetID = 104C74F81EA5EBDB006307E6;
					};
					104C75171EA5EBDC006307E6 = {
						CreatedOnToolsVersion = 8.3.1;
						DevelopmentTeam = K3JW7H325Y;
						ProvisioningStyle = Automatic;
						TestTargetID = 104C74F81EA5EBDB006307E6;
					};
				};
			};
			buildConfigurationList = 104C74F41EA5EBDB006307E6 /* Build configuration list for PBXProject "gitHun-test" */;
			compatibilityVersion = "Xcode 3.2";
			developmentRegion = English;
			hasScannedForEncodings = 0;
			knownRegions = (
				en,
				Base,
			);
			mainGroup = 104C74F01EA5EBDB006307E6;
			productRefGroup = 104C74FA1EA5EBDB006307E6 /* Products */;
			projectDirPath = "";
			projectRoot = "";
			targets = (
				104C74F81EA5EBDB006307E6 /* gitHun-test */,
				104C750C1EA5EBDC006307E6 /* gitHun-testTests */,
				104C75171EA5EBDC006307E6 /* gitHun-testUITests */,
			);
		};
/* End PBXProject section */

/* Begin PBXResourcesBuildPhase section */
		104C74F71EA5EBDB006307E6 /* Resources */ = {
			isa = PBXResourcesBuildPhase;
			buildActionMask = 2147483647;
			files = (
				104C75071EA5EBDB006307E6 /* LaunchScreen.storyboard in Resources */,
				104C75041EA5EBDB006307E6 /* Assets.xcassets in Resources */,
				104C75021EA5EBDB006307E6 /* Main.storyboard in Resources */,
			);
			runOnlyForDeploymentPostprocessing = 0;
		};
		104C750B1EA5EBDC006307E6 /* Resources */ = {
			isa = PBXResourcesBuildPhase;
			buildActionMask = 2147483647;
			files = (
			);
			runOnlyForDeploymentPostprocessing = 0;
		};
		104C75161EA5EBDC006307E6 /* Resources */ = {
			isa = PBXResourcesBuildPhase;
			buildActionMask = 2147483647;
			files = (
			);
			runOnlyForDeploymentPostprocessing = 0;
		};
/* End PBXResourcesBuildPhase section */

/* Begin PBXSourcesBuildPhase section */
		104C74F51EA5EBDB006307E6 /* Sources */ = {
			isa = PBXSourcesBuildPhase;
			buildActionMask = 2147483647;
			files = (
				104C74FF1EA5EBDB006307E6 /* ViewController.swift in Sources */,
				104C74FD1EA5EBDB006307E6 /* AppDelegate.swift in Sources */,
			);
			runOnlyForDeploymentPostprocessing = 0;
		};
		104C75091EA5EBDC006307E6 /* Sources */ = {
			isa = PBXSourcesBuildPhase;
			buildActionMask = 2147483647;
			files = (
				104C75121EA5EBDC006307E6 /* gitHun_testTests.swift in Sources */,
			);
			runOnlyForDeploymentPostprocessing = 0;
		};
		104C75141EA5EBDC006307E6 /* Sources */ = {
			isa = PBXSourcesBuildPhase;
			buildActionMask = 2147483647;
			files = (
				104C751D1EA5EBDC006307E6 /* gitHun_testUITests.swift in Sources */,
			);
			runOnlyForDeploymentPostprocessing = 0;
		};
/* End PBXSourcesBuildPhase section */

/* Begin PBXTargetDependency section */
		104C750F1EA5EBDC006307E6 /* PBXTargetDependency */ = {
			isa = PBXTargetDependency;
			target = 104C74F81EA5EBDB006307E6 /* gitHun-test */;
			targetProxy = 104C750E1EA5EBDC006307E6 /* PBXContainerItemProxy */;
		};
		104C751A1EA5EBDC006307E6 /* PBXTargetDependency */ = {
			isa = PBXTargetDependency;
			target = 104C74F81EA5EBDB006307E6 /* gitHun-test */;
			targetProxy = 104C75191EA5EBDC006307E6 /* PBXContainerItemProxy */;
		};
/* End PBXTargetDependency section */

/* Begin PBXVariantGroup section */
		104C75001EA5EBDB006307E6 /* Main.storyboard */ = {
			isa = PBXVariantGroup;
			children = (
				104C75011EA5EBDB006307E6 /* Base */,
			);
			name = Main.storyboard;
			sourceTree = "<group>";
		};
		104C75051EA5EBDB006307E6 /* LaunchScreen.storyboard */ = {
			isa = PBXVariantGroup;
			children = (
				104C75061EA5EBDB006307E6 /* Base */,
			);
			name = LaunchScreen.storyboard;
			sourceTree = "<group>";
		};
/* End PBXVariantGroup section */

/* Begin XCBuildConfiguration section */
		104C751F1EA5EBDC006307E6 /* Debug */ = {
			isa = XCBuildConfiguration;
			buildSettings = {
				ALWAYS_SEARCH_USER_PATHS = NO;
				CLANG_ANALYZER_NONNULL = YES;
				CLANG_ANALYZER_NUMBER_OBJECT_CONVERSION = YES_AGGRESSIVE;
				CLANG_CXX_LANGUAGE_STANDARD = "gnu++0x";
				CLANG_CXX_LIBRARY = "libc++";
				CLANG_ENABLE_MODULES = YES;
				CLANG_ENABLE_OBJC_ARC = YES;
				CLANG_WARN_BOOL_CONVERSION = YES;
				CLANG_WARN_CONSTANT_CONVERSION = YES;
				CLANG_WARN_DIRECT_OBJC_ISA_USAGE = YES_ERROR;
				CLANG_WARN_DOCUMENTATION_COMMENTS = YES;
				CLANG_WARN_EMPTY_BODY = YES;
				CLANG_WARN_ENUM_CONVERSION = YES;
				CLANG_WARN_INFINITE_RECURSION = YES;
				CLANG_WARN_INT_CONVERSION = YES;
				CLANG_WARN_OBJC_ROOT_CLASS = YES_ERROR;
				CLANG_WARN_SUSPICIOUS_MOVE = YES;
				CLANG_WARN_UNREACHABLE_CODE = YES;
				CLANG_WARN__DUPLICATE_METHOD_MATCH = YES;
				"CODE_SIGN_IDENTITY[sdk=iphoneos*]" = "iPhone Developer";
				COPY_PHASE_STRIP = NO;
				DEBUG_INFORMATION_FORMAT = dwarf;
				ENABLE_STRICT_OBJC_MSGSEND = YES;
				ENABLE_TESTABILITY = YES;
				GCC_C_LANGUAGE_STANDARD = gnu99;
				GCC_DYNAMIC_NO_PIC = NO;
				GCC_NO_COMMON_BLOCKS = YES;
				GCC_OPTIMIZATION_LEVEL = 0;
				GCC_PREPROCESSOR_DEFINITIONS = (
					"DEBUG=1",
					"$(inherited)",
				);
				GCC_WARN_64_TO_32_BIT_CONVERSION = YES;
				GCC_WARN_ABOUT_RETURN_TYPE = YES_ERROR;
				GCC_WARN_UNDECLARED_SELECTOR = YES;
				GCC_WARN_UNINITIALIZED_AUTOS = YES_AGGRESSIVE;
				GCC_WARN_UNUSED_FUNCTION = YES;
				GCC_WARN_UNUSED_VARIABLE = YES;
				IPHONEOS_DEPLOYMENT_TARGET = 10.3;
				MTL_ENABLE_DEBUG_INFO = YES;
				ONLY_ACTIVE_ARCH = YES;
				SDKROOT = iphoneos;
				SWIFT_ACTIVE_COMPILATION_CONDITIONS = DEBUG;
				SWIFT_OPTIMIZATION_LEVEL = "-Onone";
			};
			name = Debug;
		};
		104C75201EA5EBDC006307E6 /* Release */ = {
			isa = XCBuildConfiguration;
			buildSettings = {
				ALWAYS_SEARCH_USER_PATHS = NO;
				CLANG_ANALYZER_NONNULL = YES;
				CLANG_ANALYZER_NUMBER_OBJECT_CONVERSION = YES_AGGRESSIVE;
				CLANG_CXX_LANGUAGE_STANDARD = "gnu++0x";
				CLANG_CXX_LIBRARY = "libc++";
				CLANG_ENABLE_MODULES = YES;
				CLANG_ENABLE_OBJC_ARC = YES;
				CLANG_WARN_BOOL_CONVERSION = YES;
				CLANG_WARN_CONSTANT_CONVERSION = YES;
				CLANG_WARN_DIRECT_OBJC_ISA_USAGE = YES_ERROR;
				CLANG_WARN_DOCUMENTATION_COMMENTS = YES;
				CLANG_WARN_EMPTY_BODY = YES;
				CLANG_WARN_ENUM_CONVERSION = YES;
				CLANG_WARN_INFINITE_RECURSION = YES;
				CLANG_WARN_INT_CONVERSION = YES;
				CLANG_WARN_OBJC_ROOT_CLASS = YES_ERROR;
				CLANG_WARN_SUSPICIOUS_MOVE = YES;
				CLANG_WARN_UNREACHABLE_CODE = YES;
				CLANG_WARN__DUPLICATE_METHOD_MATCH = YES;
				"CODE_SIGN_IDENTITY[sdk=iphoneos*]" = "iPhone Developer";
				COPY_PHASE_STRIP = NO;
				DEBUG_INFORMATION_FORMAT = "dwarf-with-dsym";
				ENABLE_NS_ASSERTIONS = NO;
				ENABLE_STRICT_OBJC_MSGSEND = YES;
				GCC_C_LANGUAGE_STANDARD = gnu99;
				GCC_NO_COMMON_BLOCKS = YES;
				GCC_WARN_64_TO_32_BIT_CONVERSION = YES;
				GCC_WARN_ABOUT_RETURN_TYPE = YES_ERROR;
				GCC_WARN_UNDECLARED_SELECTOR = YES;
				GCC_WARN_UNINITIALIZED_AUTOS = YES_AGGRESSIVE;
				GCC_WARN_UNUSED_FUNCTION = YES;
				GCC_WARN_UNUSED_VARIABLE = YES;
				IPHONEOS_DEPLOYMENT_TARGET = 10.3;
				MTL_ENABLE_DEBUG_INFO = NO;
				SDKROOT = iphoneos;
				SWIFT_OPTIMIZATION_LEVEL = "-Owholemodule";
				VALIDATE_PRODUCT = YES;
			};
			name = Release;
		};
		104C75221EA5EBDC006307E6 /* Debug */ = {
			isa = XCBuildConfiguration;
			buildSettings = {
				ASSETCATALOG_COMPILER_APPICON_NAME = AppIcon;
				DEVELOPMENT_TEAM = K3JW7H325Y;
				INFOPLIST_FILE = "gitHun-test/Info.plist";
				LD_RUNPATH_SEARCH_PATHS = "$(inherited) @executable_path/Frameworks";
				PRODUCT_BUNDLE_IDENTIFIER = "xiumei.tabbar.gitHun-test";
				PRODUCT_NAME = "$(TARGET_NAME)";
				SWIFT_VERSION = 3.0;
			};
			name = Debug;
		};
		104C75231EA5EBDC006307E6 /* Release */ = {
			isa = XCBuildConfiguration;
			buildSettings = {
				ASSETCATALOG_COMPILER_APPICON_NAME = AppIcon;
				DEVELOPMENT_TEAM = K3JW7H325Y;
				INFOPLIST_FILE = "gitHun-test/Info.plist";
				LD_RUNPATH_SEARCH_PATHS = "$(inherited) @executable_path/Frameworks";
				PRODUCT_BUNDLE_IDENTIFIER = "xiumei.tabbar.gitHun-test";
				PRODUCT_NAME = "$(TARGET_NAME)";
				SWIFT_VERSION = 3.0;
			};
			name = Release;
		};
		104C75251EA5EBDC006307E6 /* Debug */ = {
			isa = XCBuildConfiguration;
			buildSettings = {
				ALWAYS_EMBED_SWIFT_STANDARD_LIBRARIES = YES;
				BUNDLE_LOADER = "$(TEST_HOST)";
				DEVELOPMENT_TEAM = K3JW7H325Y;
				INFOPLIST_FILE = "gitHun-testTests/Info.plist";
				LD_RUNPATH_SEARCH_PATHS = "$(inherited) @executable_path/Frameworks @loader_path/Frameworks";
				PRODUCT_BUNDLE_IDENTIFIER = "xiumei.tabbar.gitHun-testTests";
				PRODUCT_NAME = "$(TARGET_NAME)";
				SWIFT_VERSION = 3.0;
				TEST_HOST = "$(BUILT_PRODUCTS_DIR)/gitHun-test.app/gitHun-test";
			};
			name = Debug;
		};
		104C75261EA5EBDC006307E6 /* Release */ = {
			isa = XCBuildConfiguration;
			buildSettings = {
				ALWAYS_EMBED_SWIFT_STANDARD_LIBRARIES = YES;
				BUNDLE_LOADER = "$(TEST_HOST)";
				DEVELOPMENT_TEAM = K3JW7H325Y;
				INFOPLIST_FILE = "gitHun-testTests/Info.plist";
				LD_RUNPATH_SEARCH_PATHS = "$(inherited) @executable_path/Frameworks @loader_path/Frameworks";
				PRODUCT_BUNDLE_IDENTIFIER = "xiumei.tabbar.gitHun-testTests";
				PRODUCT_NAME = "$(TARGET_NAME)";
				SWIFT_VERSION = 3.0;
				TEST_HOST = "$(BUILT_PRODUCTS_DIR)/gitHun-test.app/gitHun-test";
			};
			name = Release;
		};
		104C75281EA5EBDC006307E6 /* Debug */ = {
			isa = XCBuildConfiguration;
			buildSettings = {
				ALWAYS_EMBED_SWIFT_STANDARD_LIBRARIES = YES;
				DEVELOPMENT_TEAM = K3JW7H325Y;
				INFOPLIST_FILE = "gitHun-testUITests/Info.plist";
				LD_RUNPATH_SEARCH_PATHS = "$(inherited) @executable_path/Frameworks @loader_path/Frameworks";
				PRODUCT_BUNDLE_IDENTIFIER = "xiumei.tabbar.gitHun-testUITests";
				PRODUCT_NAME = "$(TARGET_NAME)";
				SWIFT_VERSION = 3.0;
				TEST_TARGET_NAME = "gitHun-test";
			};
			name = Debug;
		};
		104C75291EA5EBDC006307E6 /* Release */ = {
			isa = XCBuildConfiguration;
			buildSettings = {
				ALWAYS_EMBED_SWIFT_STANDARD_LIBRARIES = YES;
				DEVELOPMENT_TEAM = K3JW7H325Y;
				INFOPLIST_FILE = "gitHun-testUITests/Info.plist";
				LD_RUNPATH_SEARCH_PATHS = "$(inherited) @executable_path/Frameworks @loader_path/Frameworks";
				PRODUCT_BUNDLE_IDENTIFIER = "xiumei.tabbar.gitHun-testUITests";
				PRODUCT_NAME = "$(TARGET_NAME)";
				SWIFT_VERSION = 3.0;
				TEST_TARGET_NAME = "gitHun-test";
			};
			name = Release;
		};
/* End XCBuildConfiguration section */

/* Begin XCConfigurationList section */
		104C74F41EA5EBDB006307E6 /* Build configuration list for PBXProject "gitHun-test" */ = {
			isa = XCConfigurationList;
			buildConfigurations = (
				104C751F1EA5EBDC006307E6 /* Debug */,
				104C75201EA5EBDC006307E6 /* Release */,
			);
			defaultConfigurationIsVisible = 0;
			defaultConfigurationName = Release;
		};
		104C75211EA5EBDC006307E6 /* Build configuration list for PBXNativeTarget "gitHun-test" */ = {
			isa = XCConfigurationList;
			buildConfigurations = (
				104C75221EA5EBDC006307E6 /* Debug */,
				104C75231EA5EBDC006307E6 /* Release */,
			);
			defaultConfigurationIsVisible = 0;
		};
		104C75241EA5EBDC006307E6 /* Build configuration list for PBXNativeTarget "gitHun-testTests" */ = {
			isa = XCConfigurationList;
			buildConfigurations = (
				104C75251EA5EBDC006307E6 /* Debug */,
				104C75261EA5EBDC006307E6 /* Release */,
			);
			defaultConfigurationIsVisible = 0;
		};
		104C75271EA5EBDC006307E6 /* Build configuration list for PBXNativeTarget "gitHun-testUITests" */ = {
			isa = XCConfigurationList;
			buildConfigurations = (
				104C75281EA5EBDC006307E6 /* Debug */,
				104C75291EA5EBDC006307E6 /* Release */,
			);
			defaultConfigurationIsVisible = 0;
		};
/* End XCConfigurationList section */
	};
	rootObject = 104C74F11EA5EBDB006307E6 /* Project object */;
}
